
Microsoft Visual Studio Solution File, Format Version 12.00
# Visual Studio Version 17
VisualStudioVersion = 17.2.32516.85
MinimumVisualStudioVersion = 10.0.40219.1
Project("{FAE04EC0-301F-11D3-BF4B-00C04F79EFBC}") = "DS.TraceUtils", "DS.TraceUtils\DS.TraceUtils.csproj", "{D3D2B971-AA8C-40B3-A7C8-0814F66BFE14}"
EndProject
Project("{9A19103F-16F7-4668-BE54-9A1E7A4F7556}") = "DS.ClassLib.Test", "DS.MainUtils.Test\DS.ClassLib.Test.csproj", "{8244D583-B1D9-40D9-B7A6-DC67C81675E5}"
EndProject
Project("{FAE04EC0-301F-11D3-BF4B-00C04F79EFBC}") = "DS.ClassLib.FileSystemUtils", "DS.ClassLib.FileSystemUtils\DS.ClassLib.FileSystemUtils.csproj", "{17AD6675-969C-42B2-98C1-2F6B2CF0CBDE}"
EndProject
Project("{FAE04EC0-301F-11D3-BF4B-00C04F79EFBC}") = "DS.ClassLib.VarUtils", "DS.ClassLib.VarUtils\DS.ClassLib.VarUtils.csproj", "{97D2548B-BA7F-4C31-8F52-6BF929E0C37B}"
EndProject
Project("{FAE04EC0-301F-11D3-BF4B-00C04F79EFBC}") = "DS.ClassLib.DataStructure", "DS.ClassLib.DataStructure\DS.ClassLib.DataStructure.csproj", "{17AABF89-AF9A-4DEF-973D-928975F4C660}"
EndProject
Project("{FAE04EC0-301F-11D3-BF4B-00C04F79EFBC}") = "DS.ConsoleApp.Test", "DS.ConsoleApp.Test\DS.ConsoleApp.Test.csproj", "{A8E2F020-88F6-4F34-AAEC-EADD84512430}"
EndProject
Project("{FAE04EC0-301F-11D3-BF4B-00C04F79EFBC}") = "DS.WpfApp.Licensing", "DS.WpfApp.Licensing\DS.WpfApp.Licensing.csproj", "{3414CB2D-DBB8-4F65-99E5-85ABAB855CF8}"
EndProject
Project("{FAE04EC0-301F-11D3-BF4B-00C04F79EFBC}") = "DS.ClassLib.Licensing", "DS.ClassLib.Licensing\DS.ClassLib.Licensing.csproj", "{37411903-2A48-4D32-B23B-FC9C4535B44A}"
EndProject
Project("{2150E333-8FDC-42A3-9474-1A3956D46DE8}") = "PathFinders", "PathFinders", "{18EAFE24-3894-409E-9D54-65BF87483BCB}"
EndProject
Project("{FAE04EC0-301F-11D3-BF4B-00C04F79EFBC}") = "DS.PathFinder", "PathFinders\DS.PathFinder\DS.PathFinder.csproj", "{0A99EB4B-783B-495B-B743-82077C2BB30A}"
EndProject
Project("{FAE04EC0-301F-11D3-BF4B-00C04F79EFBC}") = "DS.PathFinder.Test", "PathFinders\DS.PathFinder.Test\DS.PathFinder.Test.csproj", "{21A2D571-B0FF-4734-B3C1-306B8A0589EF}"
EndProject
Project("{9A19103F-16F7-4668-BE54-9A1E7A4F7556}") = "DS.PathFinder.UnitTests", "DS.PathFinder.UnitTests\DS.PathFinder.UnitTests.csproj", "{4C032EC0-AF40-4B1C-991C-589B9039BDAB}"
EndProject
Project("{FAE04EC0-301F-11D3-BF4B-00C04F79EFBC}") = "DS.VarUtils.Test", "DS.VarUtils.Test\DS.VarUtils.Test.csproj", "{2DF0720C-721D-4E5F-8BF7-70D2DA0476E4}"
EndProject
Global
	GlobalSection(SolutionConfigurationPlatforms) = preSolution
		Debug|Any CPU = Debug|Any CPU
		Release|Any CPU = Release|Any CPU
	EndGlobalSection
	GlobalSection(ProjectConfigurationPlatforms) = postSolution
		{D3D2B971-AA8C-40B3-A7C8-0814F66BFE14}.Debug|Any CPU.ActiveCfg = Debug|Any CPU
		{D3D2B971-AA8C-40B3-A7C8-0814F66BFE14}.Debug|Any CPU.Build.0 = Debug|Any CPU
		{D3D2B971-AA8C-40B3-A7C8-0814F66BFE14}.Release|Any CPU.ActiveCfg = Release|Any CPU
		{D3D2B971-AA8C-40B3-A7C8-0814F66BFE14}.Release|Any CPU.Build.0 = Release|Any CPU
		{8244D583-B1D9-40D9-B7A6-DC67C81675E5}.Debug|Any CPU.ActiveCfg = Debug|Any CPU
		{8244D583-B1D9-40D9-B7A6-DC67C81675E5}.Debug|Any CPU.Build.0 = Debug|Any CPU
		{8244D583-B1D9-40D9-B7A6-DC67C81675E5}.Release|Any CPU.ActiveCfg = Release|Any CPU
		{8244D583-B1D9-40D9-B7A6-DC67C81675E5}.Release|Any CPU.Build.0 = Release|Any CPU
		{17AD6675-969C-42B2-98C1-2F6B2CF0CBDE}.Debug|Any CPU.ActiveCfg = Debug|Any CPU
		{17AD6675-969C-42B2-98C1-2F6B2CF0CBDE}.Debug|Any CPU.Build.0 = Debug|Any CPU
		{17AD6675-969C-42B2-98C1-2F6B2CF0CBDE}.Release|Any CPU.ActiveCfg = Release|Any CPU
		{17AD6675-969C-42B2-98C1-2F6B2CF0CBDE}.Release|Any CPU.Build.0 = Release|Any CPU
		{97D2548B-BA7F-4C31-8F52-6BF929E0C37B}.Debug|Any CPU.ActiveCfg = Debug|Any CPU
		{97D2548B-BA7F-4C31-8F52-6BF929E0C37B}.Debug|Any CPU.Build.0 = Debug|Any CPU
		{97D2548B-BA7F-4C31-8F52-6BF929E0C37B}.Release|Any CPU.ActiveCfg = Release|Any CPU
		{97D2548B-BA7F-4C31-8F52-6BF929E0C37B}.Release|Any CPU.Build.0 = Release|Any CPU
		{17AABF89-AF9A-4DEF-973D-928975F4C660}.Debug|Any CPU.ActiveCfg = Debug|Any CPU
		{17AABF89-AF9A-4DEF-973D-928975F4C660}.Debug|Any CPU.Build.0 = Debug|Any CPU
		{17AABF89-AF9A-4DEF-973D-928975F4C660}.Release|Any CPU.ActiveCfg = Release|Any CPU
		{17AABF89-AF9A-4DEF-973D-928975F4C660}.Release|Any CPU.Build.0 = Release|Any CPU
		{A8E2F020-88F6-4F34-AAEC-EADD84512430}.Debug|Any CPU.ActiveCfg = Debug|Any CPU
		{A8E2F020-88F6-4F34-AAEC-EADD84512430}.Debug|Any CPU.Build.0 = Debug|Any CPU
		{A8E2F020-88F6-4F34-AAEC-EADD84512430}.Release|Any CPU.ActiveCfg = Release|Any CPU
		{A8E2F020-88F6-4F34-AAEC-EADD84512430}.Release|Any CPU.Build.0 = Release|Any CPU
		{3414CB2D-DBB8-4F65-99E5-85ABAB855CF8}.Debug|Any CPU.ActiveCfg = Debug|Any CPU
		{3414CB2D-DBB8-4F65-99E5-85ABAB855CF8}.Debug|Any CPU.Build.0 = Debug|Any CPU
		{3414CB2D-DBB8-4F65-99E5-85ABAB855CF8}.Release|Any CPU.ActiveCfg = Release|Any CPU
		{3414CB2D-DBB8-4F65-99E5-85ABAB855CF8}.Release|Any CPU.Build.0 = Release|Any CPU
		{37411903-2A48-4D32-B23B-FC9C4535B44A}.Debug|Any CPU.ActiveCfg = Debug|Any CPU
		{37411903-2A48-4D32-B23B-FC9C4535B44A}.Debug|Any CPU.Build.0 = Debug|Any CPU
		{37411903-2A48-4D32-B23B-FC9C4535B44A}.Release|Any CPU.ActiveCfg = Release|Any CPU
		{37411903-2A48-4D32-B23B-FC9C4535B44A}.Release|Any CPU.Build.0 = Release|Any CPU
		{0A99EB4B-783B-495B-B743-82077C2BB30A}.Debug|Any CPU.ActiveCfg = Debug|Any CPU
		{0A99EB4B-783B-495B-B743-82077C2BB30A}.Debug|Any CPU.Build.0 = Debug|Any CPU
		{0A99EB4B-783B-495B-B743-82077C2BB30A}.Release|Any CPU.ActiveCfg = Release|Any CPU
		{0A99EB4B-783B-495B-B743-82077C2BB30A}.Release|Any CPU.Build.0 = Release|Any CPU
		{21A2D571-B0FF-4734-B3C1-306B8A0589EF}.Debug|Any CPU.ActiveCfg = Debug|Any CPU
		{21A2D571-B0FF-4734-B3C1-306B8A0589EF}.Debug|Any CPU.Build.0 = Debug|Any CPU
		{21A2D571-B0FF-4734-B3C1-306B8A0589EF}.Release|Any CPU.ActiveCfg = Release|Any CPU
		{21A2D571-B0FF-4734-B3C1-306B8A0589EF}.Release|Any CPU.Build.0 = Release|Any CPU
		{4C032EC0-AF40-4B1C-991C-589B9039BDAB}.Debug|Any CPU.ActiveCfg = Debug|Any CPU
		{4C032EC0-AF40-4B1C-991C-589B9039BDAB}.Debug|Any CPU.Build.0 = Debug|Any CPU
		{4C032EC0-AF40-4B1C-991C-589B9039BDAB}.Release|Any CPU.ActiveCfg = Release|Any CPU
		{4C032EC0-AF40-4B1C-991C-589B9039BDAB}.Release|Any CPU.Build.0 = Release|Any CPU
		{2DF0720C-721D-4E5F-8BF7-70D2DA0476E4}.Debug|Any CPU.ActiveCfg = Debug|Any CPU
		{2DF0720C-721D-4E5F-8BF7-70D2DA0476E4}.Debug|Any CPU.Build.0 = Debug|Any CPU
		{2DF0720C-721D-4E5F-8BF7-70D2DA0476E4}.Release|Any CPU.ActiveCfg = Release|Any CPU
		{2DF0720C-721D-4E5F-8BF7-70D2DA0476E4}.Release|Any CPU.Build.0 = Release|Any CPU
	EndGlobalSection
	GlobalSection(SolutionProperties) = preSolution
		HideSolutionNode = FALSE
	EndGlobalSection
	GlobalSection(NestedProjects) = preSolution
		{0A99EB4B-783B-495B-B743-82077C2BB30A} = {18EAFE24-3894-409E-9D54-65BF87483BCB}
		{21A2D571-B0FF-4734-B3C1-306B8A0589EF} = {18EAFE24-3894-409E-9D54-65BF87483BCB}
		{4C032EC0-AF40-4B1C-991C-589B9039BDAB} = {18EAFE24-3894-409E-9D54-65BF87483BCB}
	EndGlobalSection
	GlobalSection(ExtensibilityGlobals) = postSolution
		SolutionGuid = {47D7F73F-53A2-444C-9A3B-74C570C7E3B6}
	EndGlobalSection
EndGlobal
