
Microsoft Visual Studio Solution File, Format Version 12.00
# Visual Studio Version 17
VisualStudioVersion = 17.2.32516.85
MinimumVisualStudioVersion = 10.0.40219.1
Project("{FAE04EC0-301F-11D3-BF4B-00C04F79EFBC}") = "DS.PathSearch", "DS.Utils\DS.PathSearch.csproj", "{F527628D-44B6-4E91-8026-0FF5F0289486}"
EndProject
Project("{FAE04EC0-301F-11D3-BF4B-00C04F79EFBC}") = "DS.TraceUtils", "DS.TraceUtils\DS.TraceUtils.csproj", "{D3D2B971-AA8C-40B3-A7C8-0814F66BFE14}"
EndProject
Project("{9A19103F-16F7-4668-BE54-9A1E7A4F7556}") = "DS.ClassLib.Test", "DS.MainUtils.Test\DS.ClassLib.Test.csproj", "{8244D583-B1D9-40D9-B7A6-DC67C81675E5}"
EndProject
Project("{FAE04EC0-301F-11D3-BF4B-00C04F79EFBC}") = "DS.ClassLib.FileSystemUtils", "DS.ClassLib.FileSystemUtils\DS.ClassLib.FileSystemUtils.csproj", "{17AD6675-969C-42B2-98C1-2F6B2CF0CBDE}"
EndProject
Project("{FAE04EC0-301F-11D3-BF4B-00C04F79EFBC}") = "DS.ClassLib.VarUtils", "DS.ClassLib.VarUtils\DS.ClassLib.VarUtils.csproj", "{97D2548B-BA7F-4C31-8F52-6BF929E0C37B}"
EndProject
Project("{FAE04EC0-301F-11D3-BF4B-00C04F79EFBC}") = "DS.ClassLib.DataStructure", "DS.ClassLib.DataStructure\DS.ClassLib.DataStructure.csproj", "{17AABF89-AF9A-4DEF-973D-928975F4C660}"
EndProject
Project("{FAE04EC0-301F-11D3-BF4B-00C04F79EFBC}") = "DS.ConsoleApp.Test", "DS.ConsoleApp.Test\DS.ConsoleApp.Test.csproj", "{A8E2F020-88F6-4F34-AAEC-EADD84512430}"
EndProject
Project("{FAE04EC0-301F-11D3-BF4B-00C04F79EFBC}") = "DS.WpfApp.Licensing", "DS.WpfApp.Licensing\DS.WpfApp.Licensing.csproj", "{3414CB2D-DBB8-4F65-99E5-85ABAB855CF8}"
EndProject
Global
	GlobalSection(SolutionConfigurationPlatforms) = preSolution
		Debug|Any CPU = Debug|Any CPU
		Release|Any CPU = Release|Any CPU
	EndGlobalSection
	GlobalSection(ProjectConfigurationPlatforms) = postSolution
		{F527628D-44B6-4E91-8026-0FF5F0289486}.Debug|Any CPU.ActiveCfg = Debug|Any CPU
		{F527628D-44B6-4E91-8026-0FF5F0289486}.Debug|Any CPU.Build.0 = Debug|Any CPU
		{F527628D-44B6-4E91-8026-0FF5F0289486}.Release|Any CPU.ActiveCfg = Release|Any CPU
		{F527628D-44B6-4E91-8026-0FF5F0289486}.Release|Any CPU.Build.0 = Release|Any CPU
		{D3D2B971-AA8C-40B3-A7C8-0814F66BFE14}.Debug|Any CPU.ActiveCfg = Debug|Any CPU
		{D3D2B971-AA8C-40B3-A7C8-0814F66BFE14}.Debug|Any CPU.Build.0 = Debug|Any CPU
		{D3D2B971-AA8C-40B3-A7C8-0814F66BFE14}.Release|Any CPU.ActiveCfg = Release|Any CPU
		{D3D2B971-AA8C-40B3-A7C8-0814F66BFE14}.Release|Any CPU.Build.0 = Release|Any CPU
		{8244D583-B1D9-40D9-B7A6-DC67C81675E5}.Debug|Any CPU.ActiveCfg = Debug|Any CPU
		{8244D583-B1D9-40D9-B7A6-DC67C81675E5}.Debug|Any CPU.Build.0 = Debug|Any CPU
		{8244D583-B1D9-40D9-B7A6-DC67C81675E5}.Release|Any CPU.ActiveCfg = Release|Any CPU
		{8244D583-B1D9-40D9-B7A6-DC67C81675E5}.Release|Any CPU.Build.0 = Release|Any CPU
		{17AD6675-969C-42B2-98C1-2F6B2CF0CBDE}.Debug|Any CPU.ActiveCfg = Debug|Any CPU
		{17AD6675-969C-42B2-98C1-2F6B2CF0CBDE}.Debug|Any CPU.Build.0 = Debug|Any CPU
		{17AD6675-969C-42B2-98C1-2F6B2CF0CBDE}.Release|Any CPU.ActiveCfg = Release|Any CPU
		{17AD6675-969C-42B2-98C1-2F6B2CF0CBDE}.Release|Any CPU.Build.0 = Release|Any CPU
		{97D2548B-BA7F-4C31-8F52-6BF929E0C37B}.Debug|Any CPU.ActiveCfg = Debug|Any CPU
		{97D2548B-BA7F-4C31-8F52-6BF929E0C37B}.Debug|Any CPU.Build.0 = Debug|Any CPU
		{97D2548B-BA7F-4C31-8F52-6BF929E0C37B}.Release|Any CPU.ActiveCfg = Release|Any CPU
		{97D2548B-BA7F-4C31-8F52-6BF929E0C37B}.Release|Any CPU.Build.0 = Release|Any CPU
		{17AABF89-AF9A-4DEF-973D-928975F4C660}.Debug|Any CPU.ActiveCfg = Debug|Any CPU
		{17AABF89-AF9A-4DEF-973D-928975F4C660}.Debug|Any CPU.Build.0 = Debug|Any CPU
		{17AABF89-AF9A-4DEF-973D-928975F4C660}.Release|Any CPU.ActiveCfg = Release|Any CPU
		{17AABF89-AF9A-4DEF-973D-928975F4C660}.Release|Any CPU.Build.0 = Release|Any CPU
		{A8E2F020-88F6-4F34-AAEC-EADD84512430}.Debug|Any CPU.ActiveCfg = Debug|Any CPU
		{A8E2F020-88F6-4F34-AAEC-EADD84512430}.Debug|Any CPU.Build.0 = Debug|Any CPU
		{A8E2F020-88F6-4F34-AAEC-EADD84512430}.Release|Any CPU.ActiveCfg = Release|Any CPU
		{A8E2F020-88F6-4F34-AAEC-EADD84512430}.Release|Any CPU.Build.0 = Release|Any CPU
		{3414CB2D-DBB8-4F65-99E5-85ABAB855CF8}.Debug|Any CPU.ActiveCfg = Debug|Any CPU
		{3414CB2D-DBB8-4F65-99E5-85ABAB855CF8}.Debug|Any CPU.Build.0 = Debug|Any CPU
		{3414CB2D-DBB8-4F65-99E5-85ABAB855CF8}.Release|Any CPU.ActiveCfg = Release|Any CPU
		{3414CB2D-DBB8-4F65-99E5-85ABAB855CF8}.Release|Any CPU.Build.0 = Release|Any CPU
	EndGlobalSection
	GlobalSection(SolutionProperties) = preSolution
		HideSolutionNode = FALSE
	EndGlobalSection
	GlobalSection(ExtensibilityGlobals) = postSolution
		SolutionGuid = {47D7F73F-53A2-444C-9A3B-74C570C7E3B6}
	EndGlobalSection
EndGlobal
